
Microsoft Visual Studio Solution File, Format Version 12.00
# Visual Studio Version 17
VisualStudioVersion = 17.2.32505.173
MinimumVisualStudioVersion = 10.0.40219.1
Project("{FAE04EC0-301F-11D3-BF4B-00C04F79EFBC}") = "Browser", "Browser\Browser.csproj", "{07147DD5-C00E-4610-B9F4-FD7ADBEB2BDC}"
EndProject
Global
	GlobalSection(SolutionConfigurationPlatforms) = preSolution
		Debug|Any CPU = Debug|Any CPU
		Debug|x64 = Debug|x64
		Release|Any CPU = Release|Any CPU
		Release|x64 = Release|x64
	EndGlobalSection
	GlobalSection(ProjectConfigurationPlatforms) = postSolution
		{07147DD5-C00E-4610-B9F4-FD7ADBEB2BDC}.Debug|Any CPU.ActiveCfg = Debug|Any CPU
		{07147DD5-C00E-4610-B9F4-FD7ADBEB2BDC}.Debug|Any CPU.Build.0 = Debug|Any CPU
		{07147DD5-C00E-4610-B9F4-FD7ADBEB2BDC}.Debug|x64.ActiveCfg = Debug|x64
		{07147DD5-C00E-4610-B9F4-FD7ADBEB2BDC}.Debug|x64.Build.0 = Debug|x64
		{07147DD5-C00E-4610-B9F4-FD7ADBEB2BDC}.Release|Any CPU.ActiveCfg = Release|Any CPU
		{07147DD5-C00E-4610-B9F4-FD7ADBEB2BDC}.Release|Any CPU.Build.0 = Release|Any CPU
		{07147DD5-C00E-4610-B9F4-FD7ADBEB2BDC}.Release|x64.ActiveCfg = Release|x64
		{07147DD5-C00E-4610-B9F4-FD7ADBEB2BDC}.Release|x64.Build.0 = Release|x64
	EndGlobalSection
	GlobalSection(SolutionProperties) = preSolution
		HideSolutionNode = FALSE
	EndGlobalSection
	GlobalSection(ExtensibilityGlobals) = postSolution
		SolutionGuid = {CED77369-DEEE-4452-80C9-05216823DC1E}
	EndGlobalSection
EndGlobal
